
Microsoft Visual Studio Solution File, Format Version 12.00
Project("{FAE04EC0-301F-11D3-BF4B-00C04F79EFBC}") = "WebApplicationKazim", "WebApplicationKazim\WebApplicationKazim.csproj", "{291AED5C-DCDF-4997-835C-4B537543D3AA}"
EndProject
Project("{FAE04EC0-301F-11D3-BF4B-00C04F79EFBC}") = "WebApplicationUnitTests", "WebApplicationUnitTests\WebApplicationUnitTests.csproj", "{31E580C7-D502-4FCB-AEE1-EAF4A8199EE1}"
EndProject
Global
	GlobalSection(SolutionConfigurationPlatforms) = preSolution
		Debug|Any CPU = Debug|Any CPU
		Release|Any CPU = Release|Any CPU
	EndGlobalSection
	GlobalSection(ProjectConfigurationPlatforms) = postSolution
		{291AED5C-DCDF-4997-835C-4B537543D3AA}.Debug|Any CPU.ActiveCfg = Debug|Any CPU
		{291AED5C-DCDF-4997-835C-4B537543D3AA}.Debug|Any CPU.Build.0 = Debug|Any CPU
		{291AED5C-DCDF-4997-835C-4B537543D3AA}.Release|Any CPU.ActiveCfg = Release|Any CPU
		{291AED5C-DCDF-4997-835C-4B537543D3AA}.Release|Any CPU.Build.0 = Release|Any CPU
		{31E580C7-D502-4FCB-AEE1-EAF4A8199EE1}.Debug|Any CPU.ActiveCfg = Debug|Any CPU
		{31E580C7-D502-4FCB-AEE1-EAF4A8199EE1}.Debug|Any CPU.Build.0 = Debug|Any CPU
		{31E580C7-D502-4FCB-AEE1-EAF4A8199EE1}.Release|Any CPU.ActiveCfg = Release|Any CPU
		{31E580C7-D502-4FCB-AEE1-EAF4A8199EE1}.Release|Any CPU.Build.0 = Release|Any CPU
	EndGlobalSection
EndGlobal
